
Microsoft Visual Studio Solution File, Format Version 12.00
# Visual Studio 15
VisualStudioVersion = 15.0.27428.2037
MinimumVisualStudioVersion = 10.0.40219.1
Project("{9A19103F-16F7-4668-BE54-9A1E7A4F7556}") = "FinancesApi", "FinancesApi\FinancesApi.csproj", "{7809745C-AEB9-4A35-98C2-729A68FE55DD}"
EndProject
Project("{9A19103F-16F7-4668-BE54-9A1E7A4F7556}") = "FinancesApiTests", "FinacensApiTests\FinancesApiTests.csproj", "{9524D59E-AE1B-4287-98B9-C6B6C187D29C}"
EndProject
Global
	GlobalSection(SolutionConfigurationPlatforms) = preSolution
		Debug|Any CPU = Debug|Any CPU
		Release|Any CPU = Release|Any CPU
	EndGlobalSection
	GlobalSection(ProjectConfigurationPlatforms) = postSolution
		{7809745C-AEB9-4A35-98C2-729A68FE55DD}.Debug|Any CPU.ActiveCfg = Debug|Any CPU
		{7809745C-AEB9-4A35-98C2-729A68FE55DD}.Debug|Any CPU.Build.0 = Debug|Any CPU
		{7809745C-AEB9-4A35-98C2-729A68FE55DD}.Release|Any CPU.ActiveCfg = Release|Any CPU
		{7809745C-AEB9-4A35-98C2-729A68FE55DD}.Release|Any CPU.Build.0 = Release|Any CPU
		{9524D59E-AE1B-4287-98B9-C6B6C187D29C}.Debug|Any CPU.ActiveCfg = Debug|Any CPU
		{9524D59E-AE1B-4287-98B9-C6B6C187D29C}.Debug|Any CPU.Build.0 = Debug|Any CPU
		{9524D59E-AE1B-4287-98B9-C6B6C187D29C}.Release|Any CPU.ActiveCfg = Release|Any CPU
		{9524D59E-AE1B-4287-98B9-C6B6C187D29C}.Release|Any CPU.Build.0 = Release|Any CPU
	EndGlobalSection
	GlobalSection(SolutionProperties) = preSolution
		HideSolutionNode = FALSE
	EndGlobalSection
	GlobalSection(ExtensibilityGlobals) = postSolution
		SolutionGuid = {7E6EDC99-A9F8-4100-885A-2BCC84BBFBE1}
	EndGlobalSection
EndGlobal
